// !$*UTF8*$!
{
	archiveVersion = 1;
	classes = {
	};
	objectVersion = 55;
	objects = {

/* Begin PBXBuildFile section */
		0E775ED5B7061B3FBFE69817 /* AppearanceEffectRenderer.swift in Sources */ = {isa = PBXBuildFile; fileRef = 8EB15058CF5CE1ABF5D77990 /* AppearanceEffectRenderer.swift */; };
		0E9C9429E58C8560D707ACE2 /* Preview Assets.xcassets in Resources */ = {isa = PBXBuildFile; fileRef = 4719413741CE0EA8806F20FA /* Preview Assets.xcassets */; };
		181A6959902358015A5D0F58 /* TradeViewModel.swift in Sources */ = {isa = PBXBuildFile; fileRef = 398DA3523C679969855469B6 /* TradeViewModel.swift */; };
		216AB2217466111C01B5C9CB /* String++.swift in Sources */ = {isa = PBXBuildFile; fileRef = 65430C4FC03AE1651BF9B425 /* String++.swift */; };
		2632DA97C68E553CC8581E5A /* Pasteboard.swift in Sources */ = {isa = PBXBuildFile; fileRef = 0488C0D103A6CE044A6DB240 /* Pasteboard.swift */; };
		2A36B1FCA73941ED06982E92 /* DetailRow.swift in Sources */ = {isa = PBXBuildFile; fileRef = 643AFAD9A7D9B6DED656D1F8 /* DetailRow.swift */; };
		2B6522DFE12A2449C04C7336 /* ItemPhoto.swift in Sources */ = {isa = PBXBuildFile; fileRef = 2DDF1E6D6C6960E9AC328358 /* ItemPhoto.swift */; };
		3F4732050D50C355EC0DFBBE /* TradeQuotesScreen.swift in Sources */ = {isa = PBXBuildFile; fileRef = 2BA4C33E33BC21D53CA76CC5 /* TradeQuotesScreen.swift */; };
		4B498D4DB811A0EBB536AF3A /* LinkedAccountViewModel.swift in Sources */ = {isa = PBXBuildFile; fileRef = A1129AFC8235650CC5316AF5 /* LinkedAccountViewModel.swift */; };
		62B5CD9B78D883BAE89C5E5E /* ItemViewModel.swift in Sources */ = {isa = PBXBuildFile; fileRef = D462D168E2B5A2D0D43B0BD0 /* ItemViewModel.swift */; };
		686DB51CABD28D11A3422BB7 /* TradeAssetViewModel.swift in Sources */ = {isa = PBXBuildFile; fileRef = 1462E00250AFC2EAED019384 /* TradeAssetViewModel.swift */; };
		6ABACC9EBFE5DEFCCE63AEFE /* AssetAccountViewModel.swift in Sources */ = {isa = PBXBuildFile; fileRef = 3A8306F6D930F412366E153C /* AssetAccountViewModel.swift */; };
		7146DD51A7D529A71587AC79 /* App.swift in Sources */ = {isa = PBXBuildFile; fileRef = 8B0B8897B8E9B8AE8FE52737 /* App.swift */; };
		73C8934D72DBBCB11C06B44E /* CandleSecondaryButtonModifier.swift in Sources */ = {isa = PBXBuildFile; fileRef = DE4DA2ADA53FDA2A1183B438 /* CandleSecondaryButtonModifier.swift */; };
		7E764316D07D3437B247D8A5 /* ContentViewMenu.swift in Sources */ = {isa = PBXBuildFile; fileRef = 84923E157316156CDAAB9758 /* ContentViewMenu.swift */; };
		8594B3001529A76BE354DBA0 /* TradeQuoteViewModel.swift in Sources */ = {isa = PBXBuildFile; fileRef = 3F0F7D369D9DE47ECAE30076 /* TradeQuoteViewModel.swift */; };
		88441339319FFA31BEBDD24D /* TuistAssets+BasicExampleApp.swift in Sources */ = {isa = PBXBuildFile; fileRef = AD58CA05707E9E877604202F /* TuistAssets+BasicExampleApp.swift */; };
		8C2899D5E6172AA0388E0F1C /* ItemReloadError.swift in Sources */ = {isa = PBXBuildFile; fileRef = 5EF1E6EA05FFFDAEE11B583C /* ItemReloadError.swift */; };
		93D8F76D9DF5A24B70FC4597 /* EnumMenu.swift in Sources */ = {isa = PBXBuildFile; fileRef = 2E8BFFE7D5EC2D30DF2419CC /* EnumMenu.swift */; };
		93E31923EAE07FC97B277B36 /* CGFloat++.swift in Sources */ = {isa = PBXBuildFile; fileRef = 6DB10B4A8AAE6BC8D56DE607 /* CGFloat++.swift */; };
		94BC150807A74F302A4EAEC2 /* AssetAccountsScreen.swift in Sources */ = {isa = PBXBuildFile; fileRef = 903DF84ECBFBE1830EC8CBED /* AssetAccountsScreen.swift */; };
		95B61DAA4BE378EB6742BA05 /* DetailViewModel.swift in Sources */ = {isa = PBXBuildFile; fileRef = 4859CE56563283ED2890F403 /* DetailViewModel.swift */; };
		9E1299FAE1F928603DF5C28F /* Assets.xcassets in Resources */ = {isa = PBXBuildFile; fileRef = 16756FED00B842BAC5FE0EE2 /* Assets.xcassets */; };
		A26AA9707B4E000D7877E690 /* ItemRow.swift in Sources */ = {isa = PBXBuildFile; fileRef = 66128EECDEA99A4C7BFFC658 /* ItemRow.swift */; };
		A426180B1EBE39E3570505BF /* BasicExampleUITests.swift in Sources */ = {isa = PBXBuildFile; fileRef = 1924E6F9864418459C71374B /* BasicExampleUITests.swift */; };
		A64BCF617FDDE3E0558B0238 /* CandlePrimaryButtonModifier.swift in Sources */ = {isa = PBXBuildFile; fileRef = B5176FA18CF2FC1E55E6CDE8 /* CandlePrimaryButtonModifier.swift */; };
		AD6EDAFF22C8E9DF8A67D194 /* TradesScreen.swift in Sources */ = {isa = PBXBuildFile; fileRef = 352617F5CB23ACDA48782EF2 /* TradesScreen.swift */; };
		BD6585DC0DEFF71D09398756 /* LaunchScreen.storyboard in Resources */ = {isa = PBXBuildFile; fileRef = E6DDD7BE742269E96E7FB410 /* LaunchScreen.storyboard */; };
		C190A0F6FF8CBAFEAB00E643 /* DetailItem.swift in Sources */ = {isa = PBXBuildFile; fileRef = E879DD84758D5EF7AA560C05 /* DetailItem.swift */; };
		C55FF512F855BDB6F4AFE637 /* LinkedAccount++.swift in Sources */ = {isa = PBXBuildFile; fileRef = C10B3927B5DF4E4910D3F388 /* LinkedAccount++.swift */; };
		C580E924A2860C34584C95A1 /* TextTransition.swift in Sources */ = {isa = PBXBuildFile; fileRef = C9FF88CB884650672DBBACF6 /* TextTransition.swift */; };
		C69A754F627F604A48EE6BF2 /* Candle in Frameworks */ = {isa = PBXBuildFile; productRef = 0E4207EAC4C668B610637734 /* Candle */; };
		CD6B529F84A7CE4A2F020C12 /* ItemScreen.swift in Sources */ = {isa = PBXBuildFile; fileRef = 17BDD1A9331960EC9DF48C05 /* ItemScreen.swift */; };
		D84EACEA6E784B54C0CC596A /* ContentView.swift in Sources */ = {isa = PBXBuildFile; fileRef = 9120D4F2AB338FD10DC5D6D7 /* ContentView.swift */; };
		D9CDBB75A60C65044A236E18 /* LinkedAccountsMenu.swift in Sources */ = {isa = PBXBuildFile; fileRef = 554FC63D2C9C434F9B06EFD1 /* LinkedAccountsMenu.swift */; };
		DB053D4D39F425C1FE2A2282 /* AsyncImageWithPlaceholder.swift in Sources */ = {isa = PBXBuildFile; fileRef = 74248B40C03D1C37A49083E3 /* AsyncImageWithPlaceholder.swift */; };
		DBB18361ADC40DD9E0335DD6 /* TuistBundle+BasicExampleApp.swift in Sources */ = {isa = PBXBuildFile; fileRef = 2E256EFD0418F3ED1CA238D8 /* TuistBundle+BasicExampleApp.swift */; };
		E623A072B457345C06F412F3 /* LinkedAccountsScreen.swift in Sources */ = {isa = PBXBuildFile; fileRef = 0D1DCEAF3560F15BDCDAB822 /* LinkedAccountsScreen.swift */; };
		FBE070EE5C5291CC2B9F614D /* OnboardingScreen.swift in Sources */ = {isa = PBXBuildFile; fileRef = 3840526FD2F4907B1BC60AAE /* OnboardingScreen.swift */; };
/* End PBXBuildFile section */

/* Begin PBXContainerItemProxy section */
		0E147631485B4233DDF1E737 /* PBXContainerItemProxy */ = {
			isa = PBXContainerItemProxy;
			containerPortal = 570156FC68C14D9A9CD8A4B8 /* Project object */;
			proxyType = 1;
			remoteGlobalIDString = 29800DC4F22E0B5B1575499E;
			remoteInfo = BasicExampleApp;
		};
/* End PBXContainerItemProxy section */

/* Begin PBXCopyFilesBuildPhase section */
		B9A6B18D98FA5319A852DA72 /* Embed Frameworks */ = {
			isa = PBXCopyFilesBuildPhase;
			buildActionMask = 2147483647;
			dstPath = "";
			dstSubfolderSpec = 10;
			files = (
			);
			name = "Embed Frameworks";
			runOnlyForDeploymentPostprocessing = 0;
		};
		FD6E6E84AFFD25C65D4151CE /* Embed Frameworks */ = {
			isa = PBXCopyFilesBuildPhase;
			buildActionMask = 2147483647;
			dstPath = "";
			dstSubfolderSpec = 10;
			files = (
			);
			name = "Embed Frameworks";
			runOnlyForDeploymentPostprocessing = 0;
		};
/* End PBXCopyFilesBuildPhase section */

/* Begin PBXFileReference section */
		0488C0D103A6CE044A6DB240 /* Pasteboard.swift */ = {isa = PBXFileReference; lastKnownFileType = sourcecode.swift; path = Pasteboard.swift; sourceTree = "<group>"; };
		0D1DCEAF3560F15BDCDAB822 /* LinkedAccountsScreen.swift */ = {isa = PBXFileReference; lastKnownFileType = sourcecode.swift; path = LinkedAccountsScreen.swift; sourceTree = "<group>"; };
		1462E00250AFC2EAED019384 /* TradeAssetViewModel.swift */ = {isa = PBXFileReference; lastKnownFileType = sourcecode.swift; path = TradeAssetViewModel.swift; sourceTree = "<group>"; };
		16756FED00B842BAC5FE0EE2 /* Assets.xcassets */ = {isa = PBXFileReference; lastKnownFileType = folder.assetcatalog; path = Assets.xcassets; sourceTree = "<group>"; };
		17BDD1A9331960EC9DF48C05 /* ItemScreen.swift */ = {isa = PBXFileReference; lastKnownFileType = sourcecode.swift; path = ItemScreen.swift; sourceTree = "<group>"; };
		1924E6F9864418459C71374B /* BasicExampleUITests.swift */ = {isa = PBXFileReference; lastKnownFileType = sourcecode.swift; path = BasicExampleUITests.swift; sourceTree = "<group>"; };
		2BA4C33E33BC21D53CA76CC5 /* TradeQuotesScreen.swift */ = {isa = PBXFileReference; lastKnownFileType = sourcecode.swift; path = TradeQuotesScreen.swift; sourceTree = "<group>"; };
		2DDF1E6D6C6960E9AC328358 /* ItemPhoto.swift */ = {isa = PBXFileReference; lastKnownFileType = sourcecode.swift; path = ItemPhoto.swift; sourceTree = "<group>"; };
		2E256EFD0418F3ED1CA238D8 /* TuistBundle+BasicExampleApp.swift */ = {isa = PBXFileReference; lastKnownFileType = sourcecode.swift; path = "TuistBundle+BasicExampleApp.swift"; sourceTree = "<group>"; };
		2E8BFFE7D5EC2D30DF2419CC /* EnumMenu.swift */ = {isa = PBXFileReference; lastKnownFileType = sourcecode.swift; path = EnumMenu.swift; sourceTree = "<group>"; };
		352617F5CB23ACDA48782EF2 /* TradesScreen.swift */ = {isa = PBXFileReference; lastKnownFileType = sourcecode.swift; path = TradesScreen.swift; sourceTree = "<group>"; };
		3840526FD2F4907B1BC60AAE /* OnboardingScreen.swift */ = {isa = PBXFileReference; lastKnownFileType = sourcecode.swift; path = OnboardingScreen.swift; sourceTree = "<group>"; };
		398DA3523C679969855469B6 /* TradeViewModel.swift */ = {isa = PBXFileReference; lastKnownFileType = sourcecode.swift; path = TradeViewModel.swift; sourceTree = "<group>"; };
		3A8306F6D930F412366E153C /* AssetAccountViewModel.swift */ = {isa = PBXFileReference; lastKnownFileType = sourcecode.swift; path = AssetAccountViewModel.swift; sourceTree = "<group>"; };
		3F0F7D369D9DE47ECAE30076 /* TradeQuoteViewModel.swift */ = {isa = PBXFileReference; lastKnownFileType = sourcecode.swift; path = TradeQuoteViewModel.swift; sourceTree = "<group>"; };
		4719413741CE0EA8806F20FA /* Preview Assets.xcassets */ = {isa = PBXFileReference; lastKnownFileType = folder.assetcatalog; path = "Preview Assets.xcassets"; sourceTree = "<group>"; };
		4859CE56563283ED2890F403 /* DetailViewModel.swift */ = {isa = PBXFileReference; lastKnownFileType = sourcecode.swift; path = DetailViewModel.swift; sourceTree = "<group>"; };
		554FC63D2C9C434F9B06EFD1 /* LinkedAccountsMenu.swift */ = {isa = PBXFileReference; lastKnownFileType = sourcecode.swift; path = LinkedAccountsMenu.swift; sourceTree = "<group>"; };
		5EF1E6EA05FFFDAEE11B583C /* ItemReloadError.swift */ = {isa = PBXFileReference; lastKnownFileType = sourcecode.swift; path = ItemReloadError.swift; sourceTree = "<group>"; };
		610B0270C7296FA8F8021052 /* candle */ = {isa = PBXFileReference; lastKnownFileType = folder; name = candle; path = ../..; sourceTree = "<group>"; };
		643AFAD9A7D9B6DED656D1F8 /* DetailRow.swift */ = {isa = PBXFileReference; lastKnownFileType = sourcecode.swift; path = DetailRow.swift; sourceTree = "<group>"; };
		65430C4FC03AE1651BF9B425 /* String++.swift */ = {isa = PBXFileReference; lastKnownFileType = sourcecode.swift; path = "String++.swift"; sourceTree = "<group>"; };
		66128EECDEA99A4C7BFFC658 /* ItemRow.swift */ = {isa = PBXFileReference; lastKnownFileType = sourcecode.swift; path = ItemRow.swift; sourceTree = "<group>"; };
		6DB10B4A8AAE6BC8D56DE607 /* CGFloat++.swift */ = {isa = PBXFileReference; lastKnownFileType = sourcecode.swift; path = "CGFloat++.swift"; sourceTree = "<group>"; };
		74248B40C03D1C37A49083E3 /* AsyncImageWithPlaceholder.swift */ = {isa = PBXFileReference; lastKnownFileType = sourcecode.swift; path = AsyncImageWithPlaceholder.swift; sourceTree = "<group>"; };
		743E0CB2CF606A046D061CDB /* BasicExampleApp-Info.plist */ = {isa = PBXFileReference; lastKnownFileType = text.plist; path = "BasicExampleApp-Info.plist"; sourceTree = "<group>"; };
		7A5B3D8479F9D89E75E4A09D /* BasicExampleUITests-Info.plist */ = {isa = PBXFileReference; lastKnownFileType = text.plist; path = "BasicExampleUITests-Info.plist"; sourceTree = "<group>"; };
		84923E157316156CDAAB9758 /* ContentViewMenu.swift */ = {isa = PBXFileReference; lastKnownFileType = sourcecode.swift; path = ContentViewMenu.swift; sourceTree = "<group>"; };
		8B0B8897B8E9B8AE8FE52737 /* App.swift */ = {isa = PBXFileReference; lastKnownFileType = sourcecode.swift; path = App.swift; sourceTree = "<group>"; };
		8EB15058CF5CE1ABF5D77990 /* AppearanceEffectRenderer.swift */ = {isa = PBXFileReference; lastKnownFileType = sourcecode.swift; path = AppearanceEffectRenderer.swift; sourceTree = "<group>"; };
		903DF84ECBFBE1830EC8CBED /* AssetAccountsScreen.swift */ = {isa = PBXFileReference; lastKnownFileType = sourcecode.swift; path = AssetAccountsScreen.swift; sourceTree = "<group>"; };
		9120D4F2AB338FD10DC5D6D7 /* ContentView.swift */ = {isa = PBXFileReference; lastKnownFileType = sourcecode.swift; path = ContentView.swift; sourceTree = "<group>"; };
		9AFFFC8E8EAEB8EA156E4669 /* BasicExampleApp.app */ = {isa = PBXFileReference; explicitFileType = wrapper.application; includeInIndex = 0; path = BasicExampleApp.app; sourceTree = BUILT_PRODUCTS_DIR; };
		A1129AFC8235650CC5316AF5 /* LinkedAccountViewModel.swift */ = {isa = PBXFileReference; lastKnownFileType = sourcecode.swift; path = LinkedAccountViewModel.swift; sourceTree = "<group>"; };
		AD58CA05707E9E877604202F /* TuistAssets+BasicExampleApp.swift */ = {isa = PBXFileReference; lastKnownFileType = sourcecode.swift; path = "TuistAssets+BasicExampleApp.swift"; sourceTree = "<group>"; };
		B5176FA18CF2FC1E55E6CDE8 /* CandlePrimaryButtonModifier.swift */ = {isa = PBXFileReference; lastKnownFileType = sourcecode.swift; path = CandlePrimaryButtonModifier.swift; sourceTree = "<group>"; };
		C10B3927B5DF4E4910D3F388 /* LinkedAccount++.swift */ = {isa = PBXFileReference; lastKnownFileType = sourcecode.swift; path = "LinkedAccount++.swift"; sourceTree = "<group>"; };
		C9FF88CB884650672DBBACF6 /* TextTransition.swift */ = {isa = PBXFileReference; lastKnownFileType = sourcecode.swift; path = TextTransition.swift; sourceTree = "<group>"; };
		D462D168E2B5A2D0D43B0BD0 /* ItemViewModel.swift */ = {isa = PBXFileReference; lastKnownFileType = sourcecode.swift; path = ItemViewModel.swift; sourceTree = "<group>"; };
		DAD015669B1935B39AD93044 /* BasicExampleUITests.xctest */ = {isa = PBXFileReference; explicitFileType = wrapper.cfbundle; includeInIndex = 0; path = BasicExampleUITests.xctest; sourceTree = BUILT_PRODUCTS_DIR; };
		DE4DA2ADA53FDA2A1183B438 /* CandleSecondaryButtonModifier.swift */ = {isa = PBXFileReference; lastKnownFileType = sourcecode.swift; path = CandleSecondaryButtonModifier.swift; sourceTree = "<group>"; };
		E6DDD7BE742269E96E7FB410 /* LaunchScreen.storyboard */ = {isa = PBXFileReference; lastKnownFileType = file.storyboard; path = LaunchScreen.storyboard; sourceTree = "<group>"; };
		E879DD84758D5EF7AA560C05 /* DetailItem.swift */ = {isa = PBXFileReference; lastKnownFileType = sourcecode.swift; path = DetailItem.swift; sourceTree = "<group>"; };
/* End PBXFileReference section */

/* Begin PBXFrameworksBuildPhase section */
		1FA2434F97D81DC3F3AAB703 /* Frameworks */ = {
			isa = PBXFrameworksBuildPhase;
			buildActionMask = 2147483647;
			files = (
				C69A754F627F604A48EE6BF2 /* Candle in Frameworks */,
			);
			runOnlyForDeploymentPostprocessing = 0;
		};
		4EC98D0AE70A5A879EE1EE74 /* Frameworks */ = {
			isa = PBXFrameworksBuildPhase;
			buildActionMask = 2147483647;
			files = (
			);
			runOnlyForDeploymentPostprocessing = 0;
		};
/* End PBXFrameworksBuildPhase section */

/* Begin PBXGroup section */
		204993A1E9C7E036FA529AC5 /* Derived */ = {
			isa = PBXGroup;
			children = (
				F17EFADEE7348152C80AB548 /* InfoPlists */,
				B5D767B1DBCB3E6F32B41512 /* Sources */,
			);
			path = Derived;
			sourceTree = "<group>";
		};
		280FF1FF420D836038EFFFA1 /* Rows */ = {
			isa = PBXGroup;
			children = (
				643AFAD9A7D9B6DED656D1F8 /* DetailRow.swift */,
				66128EECDEA99A4C7BFFC658 /* ItemRow.swift */,
			);
			path = Rows;
			sourceTree = "<group>";
		};
		3EF65425EEABD1F5EDEE4DF0 /* Modifiers */ = {
			isa = PBXGroup;
			children = (
				B5176FA18CF2FC1E55E6CDE8 /* CandlePrimaryButtonModifier.swift */,
				DE4DA2ADA53FDA2A1183B438 /* CandleSecondaryButtonModifier.swift */,
			);
			path = Modifiers;
			sourceTree = "<group>";
		};
		403E6A17B670E9FC95774892 /* Models */ = {
			isa = PBXGroup;
			children = (
				E879DD84758D5EF7AA560C05 /* DetailItem.swift */,
				0488C0D103A6CE044A6DB240 /* Pasteboard.swift */,
			);
			path = Models;
			sourceTree = "<group>";
		};
		4C3DDB7930007819AAC60423 /* Packages */ = {
			isa = PBXGroup;
			children = (
				610B0270C7296FA8F8021052 /* candle */,
			);
			name = Packages;
			sourceTree = "<group>";
		};
		6FFA19E618FB5ABE801EAD73 /* Onboarding */ = {
			isa = PBXGroup;
			children = (
				8EB15058CF5CE1ABF5D77990 /* AppearanceEffectRenderer.swift */,
				2DDF1E6D6C6960E9AC328358 /* ItemPhoto.swift */,
				3840526FD2F4907B1BC60AAE /* OnboardingScreen.swift */,
				C9FF88CB884650672DBBACF6 /* TextTransition.swift */,
			);
			path = Onboarding;
			sourceTree = "<group>";
		};
		80B0625E32E6B45BFFC810E8 /* Menus */ = {
			isa = PBXGroup;
			children = (
				84923E157316156CDAAB9758 /* ContentViewMenu.swift */,
				2E8BFFE7D5EC2D30DF2419CC /* EnumMenu.swift */,
				554FC63D2C9C434F9B06EFD1 /* LinkedAccountsMenu.swift */,
			);
			path = Menus;
			sourceTree = "<group>";
		};
		8A2ABC0130B61F9F5328FF88 /* Sources */ = {
			isa = PBXGroup;
			children = (
				EC454EADF93D5A47521FF4E3 /* Errors */,
				B52B03D16E3F91CEAA58F1C7 /* Extensions */,
				80B0625E32E6B45BFFC810E8 /* Menus */,
				403E6A17B670E9FC95774892 /* Models */,
				3EF65425EEABD1F5EDEE4DF0 /* Modifiers */,
				280FF1FF420D836038EFFFA1 /* Rows */,
				B1C06A76A07ED6663182303B /* Screens */,
				B0AE04D7698A11317B1741CA /* ViewModels */,
				8B0B8897B8E9B8AE8FE52737 /* App.swift */,
				9120D4F2AB338FD10DC5D6D7 /* ContentView.swift */,
			);
			path = Sources;
			sourceTree = "<group>";
		};
		8BE65092685EA5AC2F18FD43 /* Preview Content */ = {
			isa = PBXGroup;
			children = (
				4719413741CE0EA8806F20FA /* Preview Assets.xcassets */,
			);
			path = "Preview Content";
			sourceTree = "<group>";
		};
		952639CAB7EC9933C814C8E7 /* Products */ = {
			isa = PBXGroup;
			children = (
				9AFFFC8E8EAEB8EA156E4669 /* BasicExampleApp.app */,
				DAD015669B1935B39AD93044 /* BasicExampleUITests.xctest */,
			);
			name = Products;
			sourceTree = "<group>";
		};
		B0AE04D7698A11317B1741CA /* ViewModels */ = {
			isa = PBXGroup;
			children = (
				3A8306F6D930F412366E153C /* AssetAccountViewModel.swift */,
				4859CE56563283ED2890F403 /* DetailViewModel.swift */,
				D462D168E2B5A2D0D43B0BD0 /* ItemViewModel.swift */,
				A1129AFC8235650CC5316AF5 /* LinkedAccountViewModel.swift */,
				1462E00250AFC2EAED019384 /* TradeAssetViewModel.swift */,
				3F0F7D369D9DE47ECAE30076 /* TradeQuoteViewModel.swift */,
				398DA3523C679969855469B6 /* TradeViewModel.swift */,
			);
			path = ViewModels;
			sourceTree = "<group>";
		};
		B1C06A76A07ED6663182303B /* Screens */ = {
			isa = PBXGroup;
			children = (
				6FFA19E618FB5ABE801EAD73 /* Onboarding */,
				903DF84ECBFBE1830EC8CBED /* AssetAccountsScreen.swift */,
				17BDD1A9331960EC9DF48C05 /* ItemScreen.swift */,
				0D1DCEAF3560F15BDCDAB822 /* LinkedAccountsScreen.swift */,
				2BA4C33E33BC21D53CA76CC5 /* TradeQuotesScreen.swift */,
				352617F5CB23ACDA48782EF2 /* TradesScreen.swift */,
			);
			path = Screens;
			sourceTree = "<group>";
		};
		B22B55262EA6698F63A5A0D1 /* UITests */ = {
			isa = PBXGroup;
			children = (
				1924E6F9864418459C71374B /* BasicExampleUITests.swift */,
			);
			path = UITests;
			sourceTree = "<group>";
		};
		B52B03D16E3F91CEAA58F1C7 /* Extensions */ = {
			isa = PBXGroup;
			children = (
				74248B40C03D1C37A49083E3 /* AsyncImageWithPlaceholder.swift */,
				6DB10B4A8AAE6BC8D56DE607 /* CGFloat++.swift */,
				C10B3927B5DF4E4910D3F388 /* LinkedAccount++.swift */,
				65430C4FC03AE1651BF9B425 /* String++.swift */,
			);
			path = Extensions;
			sourceTree = "<group>";
		};
		B5D767B1DBCB3E6F32B41512 /* Sources */ = {
			isa = PBXGroup;
			children = (
				AD58CA05707E9E877604202F /* TuistAssets+BasicExampleApp.swift */,
				2E256EFD0418F3ED1CA238D8 /* TuistBundle+BasicExampleApp.swift */,
			);
			path = Sources;
			sourceTree = "<group>";
		};
		B823B4AEC2909D679912C446 = {
			isa = PBXGroup;
			children = (
				E98018A3B700DCF1D9CCF515 /* Project */,
				952639CAB7EC9933C814C8E7 /* Products */,
				4C3DDB7930007819AAC60423 /* Packages */,
			);
			sourceTree = "<group>";
		};
		B99670B951C9A7E550C454BC /* BasicExampleApp */ = {
			isa = PBXGroup;
			children = (
				FCE07003B45DF9FCD1E43E72 /* Resources */,
				8A2ABC0130B61F9F5328FF88 /* Sources */,
				B22B55262EA6698F63A5A0D1 /* UITests */,
			);
			path = BasicExampleApp;
			sourceTree = "<group>";
		};
		E98018A3B700DCF1D9CCF515 /* Project */ = {
			isa = PBXGroup;
			children = (
				B99670B951C9A7E550C454BC /* BasicExampleApp */,
				204993A1E9C7E036FA529AC5 /* Derived */,
			);
			name = Project;
			sourceTree = "<group>";
		};
		EC454EADF93D5A47521FF4E3 /* Errors */ = {
			isa = PBXGroup;
			children = (
				5EF1E6EA05FFFDAEE11B583C /* ItemReloadError.swift */,
			);
			path = Errors;
			sourceTree = "<group>";
		};
		F17EFADEE7348152C80AB548 /* InfoPlists */ = {
			isa = PBXGroup;
			children = (
				743E0CB2CF606A046D061CDB /* BasicExampleApp-Info.plist */,
				7A5B3D8479F9D89E75E4A09D /* BasicExampleUITests-Info.plist */,
			);
			path = InfoPlists;
			sourceTree = "<group>";
		};
		FCE07003B45DF9FCD1E43E72 /* Resources */ = {
			isa = PBXGroup;
			children = (
				8BE65092685EA5AC2F18FD43 /* Preview Content */,
				16756FED00B842BAC5FE0EE2 /* Assets.xcassets */,
				E6DDD7BE742269E96E7FB410 /* LaunchScreen.storyboard */,
			);
			path = Resources;
			sourceTree = "<group>";
		};
/* End PBXGroup section */

/* Begin PBXNativeTarget section */
		29800DC4F22E0B5B1575499E /* BasicExampleApp */ = {
			isa = PBXNativeTarget;
			buildConfigurationList = D6D648AA3C6F950D871713EC /* Build configuration list for PBXNativeTarget "BasicExampleApp" */;
			buildPhases = (
				88B7B00BDC5A7A3B75ED4918 /* Sources */,
				5C2B62D8168F06BF0DFCB861 /* Resources */,
				FD6E6E84AFFD25C65D4151CE /* Embed Frameworks */,
				1FA2434F97D81DC3F3AAB703 /* Frameworks */,
			);
			buildRules = (
			);
			dependencies = (
			);
			name = BasicExampleApp;
			packageProductDependencies = (
				0E4207EAC4C668B610637734 /* Candle */,
			);
			productName = BasicExampleApp;
			productReference = 9AFFFC8E8EAEB8EA156E4669 /* BasicExampleApp.app */;
			productType = "com.apple.product-type.application";
		};
		345E2F078B30A213A47B3658 /* BasicExampleUITests */ = {
			isa = PBXNativeTarget;
			buildConfigurationList = 1B64C92EAA09471973E62017 /* Build configuration list for PBXNativeTarget "BasicExampleUITests" */;
			buildPhases = (
				D97BCC815FE95DFA245C8E05 /* Sources */,
				4BED64CD6CE4FECCD44AAF82 /* Resources */,
				B9A6B18D98FA5319A852DA72 /* Embed Frameworks */,
				4EC98D0AE70A5A879EE1EE74 /* Frameworks */,
			);
			buildRules = (
			);
			dependencies = (
				4A2C60C6F90206B84A8F33BB /* PBXTargetDependency */,
			);
			name = BasicExampleUITests;
			packageProductDependencies = (
			);
			productName = BasicExampleUITests;
			productReference = DAD015669B1935B39AD93044 /* BasicExampleUITests.xctest */;
			productType = "com.apple.product-type.bundle.ui-testing";
		};
/* End PBXNativeTarget section */

/* Begin PBXProject section */
		570156FC68C14D9A9CD8A4B8 /* Project object */ = {
			isa = PBXProject;
			attributes = {
				BuildIndependentTargetsInParallel = YES;
				TargetAttributes = {
					345E2F078B30A213A47B3658 = {
						TestTargetID = 29800DC4F22E0B5B1575499E;
					};
				};
			};
			buildConfigurationList = B2BECCA738E6D72F18A06DBC /* Build configuration list for PBXProject "BasicExampleApp" */;
			compatibilityVersion = "Xcode 14.0";
			developmentRegion = en;
			hasScannedForEncodings = 0;
			knownRegions = (
				Base,
				en,
			);
			mainGroup = B823B4AEC2909D679912C446;
			productRefGroup = 952639CAB7EC9933C814C8E7 /* Products */;
			projectDirPath = "";
			projectRoot = "";
			targets = (
				29800DC4F22E0B5B1575499E /* BasicExampleApp */,
				345E2F078B30A213A47B3658 /* BasicExampleUITests */,
			);
		};
/* End PBXProject section */

/* Begin PBXResourcesBuildPhase section */
		4BED64CD6CE4FECCD44AAF82 /* Resources */ = {
			isa = PBXResourcesBuildPhase;
			buildActionMask = 2147483647;
			files = (
			);
			runOnlyForDeploymentPostprocessing = 0;
		};
		5C2B62D8168F06BF0DFCB861 /* Resources */ = {
			isa = PBXResourcesBuildPhase;
			buildActionMask = 2147483647;
			files = (
				9E1299FAE1F928603DF5C28F /* Assets.xcassets in Resources */,
				BD6585DC0DEFF71D09398756 /* LaunchScreen.storyboard in Resources */,
				0E9C9429E58C8560D707ACE2 /* Preview Assets.xcassets in Resources */,
			);
			runOnlyForDeploymentPostprocessing = 0;
		};
/* End PBXResourcesBuildPhase section */

/* Begin PBXSourcesBuildPhase section */
		88B7B00BDC5A7A3B75ED4918 /* Sources */ = {
			isa = PBXSourcesBuildPhase;
			buildActionMask = 2147483647;
			files = (
				7146DD51A7D529A71587AC79 /* App.swift in Sources */,
				D84EACEA6E784B54C0CC596A /* ContentView.swift in Sources */,
				8C2899D5E6172AA0388E0F1C /* ItemReloadError.swift in Sources */,
				DB053D4D39F425C1FE2A2282 /* AsyncImageWithPlaceholder.swift in Sources */,
				93E31923EAE07FC97B277B36 /* CGFloat++.swift in Sources */,
				C55FF512F855BDB6F4AFE637 /* LinkedAccount++.swift in Sources */,
				216AB2217466111C01B5C9CB /* String++.swift in Sources */,
				7E764316D07D3437B247D8A5 /* ContentViewMenu.swift in Sources */,
				93D8F76D9DF5A24B70FC4597 /* EnumMenu.swift in Sources */,
				D9CDBB75A60C65044A236E18 /* LinkedAccountsMenu.swift in Sources */,
				C190A0F6FF8CBAFEAB00E643 /* DetailItem.swift in Sources */,
				2632DA97C68E553CC8581E5A /* Pasteboard.swift in Sources */,
				A64BCF617FDDE3E0558B0238 /* CandlePrimaryButtonModifier.swift in Sources */,
				73C8934D72DBBCB11C06B44E /* CandleSecondaryButtonModifier.swift in Sources */,
				2A36B1FCA73941ED06982E92 /* DetailRow.swift in Sources */,
				A26AA9707B4E000D7877E690 /* ItemRow.swift in Sources */,
				94BC150807A74F302A4EAEC2 /* AssetAccountsScreen.swift in Sources */,
				CD6B529F84A7CE4A2F020C12 /* ItemScreen.swift in Sources */,
				E623A072B457345C06F412F3 /* LinkedAccountsScreen.swift in Sources */,
				0E775ED5B7061B3FBFE69817 /* AppearanceEffectRenderer.swift in Sources */,
				2B6522DFE12A2449C04C7336 /* ItemPhoto.swift in Sources */,
				FBE070EE5C5291CC2B9F614D /* OnboardingScreen.swift in Sources */,
				C580E924A2860C34584C95A1 /* TextTransition.swift in Sources */,
				3F4732050D50C355EC0DFBBE /* TradeQuotesScreen.swift in Sources */,
				AD6EDAFF22C8E9DF8A67D194 /* TradesScreen.swift in Sources */,
				6ABACC9EBFE5DEFCCE63AEFE /* AssetAccountViewModel.swift in Sources */,
				95B61DAA4BE378EB6742BA05 /* DetailViewModel.swift in Sources */,
				62B5CD9B78D883BAE89C5E5E /* ItemViewModel.swift in Sources */,
				4B498D4DB811A0EBB536AF3A /* LinkedAccountViewModel.swift in Sources */,
				686DB51CABD28D11A3422BB7 /* TradeAssetViewModel.swift in Sources */,
				8594B3001529A76BE354DBA0 /* TradeQuoteViewModel.swift in Sources */,
				181A6959902358015A5D0F58 /* TradeViewModel.swift in Sources */,
				88441339319FFA31BEBDD24D /* TuistAssets+BasicExampleApp.swift in Sources */,
				DBB18361ADC40DD9E0335DD6 /* TuistBundle+BasicExampleApp.swift in Sources */,
			);
			runOnlyForDeploymentPostprocessing = 0;
		};
		D97BCC815FE95DFA245C8E05 /* Sources */ = {
			isa = PBXSourcesBuildPhase;
			buildActionMask = 2147483647;
			files = (
				A426180B1EBE39E3570505BF /* BasicExampleUITests.swift in Sources */,
			);
			runOnlyForDeploymentPostprocessing = 0;
		};
/* End PBXSourcesBuildPhase section */

/* Begin PBXTargetDependency section */
		4A2C60C6F90206B84A8F33BB /* PBXTargetDependency */ = {
			isa = PBXTargetDependency;
			name = BasicExampleApp;
			target = 29800DC4F22E0B5B1575499E /* BasicExampleApp */;
			targetProxy = 0E147631485B4233DDF1E737 /* PBXContainerItemProxy */;
		};
/* End PBXTargetDependency section */

/* Begin XCBuildConfiguration section */
		63104D5389387D088045B8C1 /* Debug */ = {
			isa = XCBuildConfiguration;
			buildSettings = {
				ALWAYS_SEARCH_USER_PATHS = NO;
				CLANG_ANALYZER_LOCALIZABILITY_NONLOCALIZED = YES;
				CLANG_ANALYZER_NONNULL = YES;
				CLANG_ANALYZER_NUMBER_OBJECT_CONVERSION = YES_AGGRESSIVE;
				CLANG_CXX_LANGUAGE_STANDARD = "gnu++14";
				CLANG_CXX_LIBRARY = "libc++";
				CLANG_ENABLE_MODULES = YES;
				CLANG_ENABLE_OBJC_ARC = YES;
				CLANG_ENABLE_OBJC_WEAK = YES;
				CLANG_WARN_BLOCK_CAPTURE_AUTORELEASING = YES;
				CLANG_WARN_BOOL_CONVERSION = YES;
				CLANG_WARN_COMMA = YES;
				CLANG_WARN_CONSTANT_CONVERSION = YES;
				CLANG_WARN_DEPRECATED_OBJC_IMPLEMENTATIONS = YES;
				CLANG_WARN_DIRECT_OBJC_ISA_USAGE = YES_ERROR;
				CLANG_WARN_DOCUMENTATION_COMMENTS = YES;
				CLANG_WARN_EMPTY_BODY = YES;
				CLANG_WARN_ENUM_CONVERSION = YES;
				CLANG_WARN_INFINITE_RECURSION = YES;
				CLANG_WARN_INT_CONVERSION = YES;
				CLANG_WARN_NON_LITERAL_NULL_CONVERSION = YES;
				CLANG_WARN_OBJC_IMPLICIT_RETAIN_SELF = YES;
				CLANG_WARN_OBJC_LITERAL_CONVERSION = YES;
				CLANG_WARN_OBJC_ROOT_CLASS = YES_ERROR;
				CLANG_WARN_QUOTED_INCLUDE_IN_FRAMEWORK_HEADER = YES;
				CLANG_WARN_RANGE_LOOP_ANALYSIS = YES;
				CLANG_WARN_STRICT_PROTOTYPES = YES;
				CLANG_WARN_SUSPICIOUS_MOVE = YES;
				CLANG_WARN_UNGUARDED_AVAILABILITY = YES_AGGRESSIVE;
				CLANG_WARN_UNREACHABLE_CODE = YES;
				CLANG_WARN__DUPLICATE_METHOD_MATCH = YES;
				COPY_PHASE_STRIP = NO;
				DEAD_CODE_STRIPPING = YES;
				DEBUG_INFORMATION_FORMAT = dwarf;
				ENABLE_STRICT_OBJC_MSGSEND = YES;
				ENABLE_TESTABILITY = YES;
				GCC_C_LANGUAGE_STANDARD = gnu11;
				GCC_DYNAMIC_NO_PIC = NO;
				GCC_NO_COMMON_BLOCKS = YES;
				GCC_OPTIMIZATION_LEVEL = 0;
				GCC_PREPROCESSOR_DEFINITIONS = (
					"DEBUG=1",
					"$(inherited)",
				);
				GCC_WARN_64_TO_32_BIT_CONVERSION = YES;
				GCC_WARN_ABOUT_RETURN_TYPE = YES_ERROR;
				GCC_WARN_UNDECLARED_SELECTOR = YES;
				GCC_WARN_UNINITIALIZED_AUTOS = YES_AGGRESSIVE;
				GCC_WARN_UNUSED_FUNCTION = YES;
				GCC_WARN_UNUSED_VARIABLE = YES;
				MTL_ENABLE_DEBUG_INFO = YES;
				ONLY_ACTIVE_ARCH = YES;
				PRODUCT_NAME = "$(TARGET_NAME)";
			};
			name = Debug;
		};
		7EC0CA3FC155563C2C16388E /* Release */ = {
			isa = XCBuildConfiguration;
			buildSettings = {
				ALWAYS_SEARCH_USER_PATHS = NO;
				CLANG_ANALYZER_LOCALIZABILITY_NONLOCALIZED = YES;
				CLANG_ANALYZER_NONNULL = YES;
				CLANG_ANALYZER_NUMBER_OBJECT_CONVERSION = YES_AGGRESSIVE;
				CLANG_CXX_LANGUAGE_STANDARD = "gnu++14";
				CLANG_CXX_LIBRARY = "libc++";
				CLANG_ENABLE_MODULES = YES;
				CLANG_ENABLE_OBJC_ARC = YES;
				CLANG_ENABLE_OBJC_WEAK = YES;
				CLANG_WARN_BLOCK_CAPTURE_AUTORELEASING = YES;
				CLANG_WARN_BOOL_CONVERSION = YES;
				CLANG_WARN_COMMA = YES;
				CLANG_WARN_CONSTANT_CONVERSION = YES;
				CLANG_WARN_DEPRECATED_OBJC_IMPLEMENTATIONS = YES;
				CLANG_WARN_DIRECT_OBJC_ISA_USAGE = YES_ERROR;
				CLANG_WARN_DOCUMENTATION_COMMENTS = YES;
				CLANG_WARN_EMPTY_BODY = YES;
				CLANG_WARN_ENUM_CONVERSION = YES;
				CLANG_WARN_INFINITE_RECURSION = YES;
				CLANG_WARN_INT_CONVERSION = YES;
				CLANG_WARN_NON_LITERAL_NULL_CONVERSION = YES;
				CLANG_WARN_OBJC_IMPLICIT_RETAIN_SELF = YES;
				CLANG_WARN_OBJC_LITERAL_CONVERSION = YES;
				CLANG_WARN_OBJC_ROOT_CLASS = YES_ERROR;
				CLANG_WARN_QUOTED_INCLUDE_IN_FRAMEWORK_HEADER = YES;
				CLANG_WARN_RANGE_LOOP_ANALYSIS = YES;
				CLANG_WARN_STRICT_PROTOTYPES = YES;
				CLANG_WARN_SUSPICIOUS_MOVE = YES;
				CLANG_WARN_UNGUARDED_AVAILABILITY = YES_AGGRESSIVE;
				CLANG_WARN_UNREACHABLE_CODE = YES;
				CLANG_WARN__DUPLICATE_METHOD_MATCH = YES;
				COPY_PHASE_STRIP = NO;
				DEAD_CODE_STRIPPING = YES;
				DEBUG_INFORMATION_FORMAT = "dwarf-with-dsym";
				ENABLE_NS_ASSERTIONS = NO;
				ENABLE_STRICT_OBJC_MSGSEND = YES;
				GCC_C_LANGUAGE_STANDARD = gnu11;
				GCC_NO_COMMON_BLOCKS = YES;
				GCC_WARN_64_TO_32_BIT_CONVERSION = YES;
				GCC_WARN_ABOUT_RETURN_TYPE = YES_ERROR;
				GCC_WARN_UNDECLARED_SELECTOR = YES;
				GCC_WARN_UNINITIALIZED_AUTOS = YES_AGGRESSIVE;
				GCC_WARN_UNUSED_FUNCTION = YES;
				GCC_WARN_UNUSED_VARIABLE = YES;
				MTL_ENABLE_DEBUG_INFO = NO;
				PRODUCT_NAME = "$(TARGET_NAME)";
				VALIDATE_PRODUCT = YES;
			};
			name = Release;
		};
		8C3DEC64044605BBA9E4D62A /* Release */ = {
			isa = XCBuildConfiguration;
			buildSettings = {
				CODE_SIGN_IDENTITY = "iPhone Developer";
				INFOPLIST_FILE = "Derived/InfoPlists/BasicExampleUITests-Info.plist";
				LD_RUNPATH_SEARCH_PATHS = (
					"$(inherited)",
					"@executable_path/Frameworks",
					"@loader_path/Frameworks",
				);
				PRODUCT_BUNDLE_IDENTIFIER = com.trycandle.candle.uitests;
				PRODUCT_NAME = BasicExampleUITests;
				SDKROOT = iphoneos;
				SUPPORTS_MACCATALYST = NO;
				SUPPORTS_MAC_DESIGNED_FOR_IPHONE_IPAD = YES;
				SUPPORTS_XR_DESIGNED_FOR_IPHONE_IPAD = NO;
				SWIFT_COMPILATION_MODE = wholemodule;
				SWIFT_OPTIMIZATION_LEVEL = "-Owholemodule";
				SWIFT_VERSION = 5.0;
				TARGETED_DEVICE_FAMILY = "1,2";
				TEST_TARGET_NAME = BasicExampleApp;
			};
			name = Release;
		};
		CB9AC174759A63856E9A6D87 /* Release */ = {
			isa = XCBuildConfiguration;
			buildSettings = {
				ASSETCATALOG_COMPILER_APPICON_NAME = AppIcon;
				ASSETCATALOG_COMPILER_GENERATE_ASSET_SYMBOLS = YES;
				ASSETCATALOG_COMPILER_GENERATE_SWIFT_ASSET_SYMBOL_EXTENSIONS = YES;
				CODE_SIGN_IDENTITY = "iPhone Developer";
				ENABLE_PREVIEWS = YES;
				INFOPLIST_FILE = "Derived/InfoPlists/BasicExampleApp-Info.plist";
				IPHONEOS_DEPLOYMENT_TARGET = 17.0;
				LD_RUNPATH_SEARCH_PATHS = (
					"$(inherited)",
					"@executable_path/Frameworks",
				);
				PRODUCT_BUNDLE_IDENTIFIER = com.trycandle.candle;
				PRODUCT_NAME = BasicExampleApp;
				SDKROOT = iphoneos;
				SUPPORTS_MACCATALYST = NO;
				SUPPORTS_MAC_DESIGNED_FOR_IPHONE_IPAD = YES;
				SUPPORTS_XR_DESIGNED_FOR_IPHONE_IPAD = NO;
				SWIFT_COMPILATION_MODE = wholemodule;
				SWIFT_OPTIMIZATION_LEVEL = "-Owholemodule";
				SWIFT_VERSION = 5.0;
				TARGETED_DEVICE_FAMILY = "1,2";
			};
			name = Release;
		};
		CDDAA2582F98B39C310E7885 /* Debug */ = {
			isa = XCBuildConfiguration;
			buildSettings = {
				ASSETCATALOG_COMPILER_APPICON_NAME = AppIcon;
				ASSETCATALOG_COMPILER_GENERATE_ASSET_SYMBOLS = YES;
				ASSETCATALOG_COMPILER_GENERATE_SWIFT_ASSET_SYMBOL_EXTENSIONS = YES;
				CODE_SIGN_IDENTITY = "iPhone Developer";
				ENABLE_PREVIEWS = YES;
				INFOPLIST_FILE = "Derived/InfoPlists/BasicExampleApp-Info.plist";
				IPHONEOS_DEPLOYMENT_TARGET = 17.0;
				LD_RUNPATH_SEARCH_PATHS = (
					"$(inherited)",
					"@executable_path/Frameworks",
				);
				PRODUCT_BUNDLE_IDENTIFIER = com.trycandle.candle;
				PRODUCT_NAME = BasicExampleApp;
				SDKROOT = iphoneos;
				SUPPORTS_MACCATALYST = NO;
				SUPPORTS_MAC_DESIGNED_FOR_IPHONE_IPAD = YES;
				SUPPORTS_XR_DESIGNED_FOR_IPHONE_IPAD = NO;
				SWIFT_ACTIVE_COMPILATION_CONDITIONS = (
					"$(inherited)",
					DEBUG,
				);
				SWIFT_COMPILATION_MODE = singlefile;
				SWIFT_OPTIMIZATION_LEVEL = "-Onone";
				SWIFT_VERSION = 5.0;
				TARGETED_DEVICE_FAMILY = "1,2";
			};
			name = Debug;
		};
		DCB06804434DCAF542533DC8 /* Debug */ = {
			isa = XCBuildConfiguration;
			buildSettings = {
				CODE_SIGN_IDENTITY = "iPhone Developer";
				INFOPLIST_FILE = "Derived/InfoPlists/BasicExampleUITests-Info.plist";
				LD_RUNPATH_SEARCH_PATHS = (
					"$(inherited)",
					"@executable_path/Frameworks",
					"@loader_path/Frameworks",
				);
				PRODUCT_BUNDLE_IDENTIFIER = com.trycandle.candle.uitests;
				PRODUCT_NAME = BasicExampleUITests;
				SDKROOT = iphoneos;
				SUPPORTS_MACCATALYST = NO;
				SUPPORTS_MAC_DESIGNED_FOR_IPHONE_IPAD = YES;
				SUPPORTS_XR_DESIGNED_FOR_IPHONE_IPAD = NO;
				SWIFT_ACTIVE_COMPILATION_CONDITIONS = (
					"$(inherited)",
					DEBUG,
				);
				SWIFT_COMPILATION_MODE = singlefile;
				SWIFT_OPTIMIZATION_LEVEL = "-Onone";
				SWIFT_VERSION = 5.0;
				TARGETED_DEVICE_FAMILY = "1,2";
				TEST_TARGET_NAME = BasicExampleApp;
			};
			name = Debug;
		};
/* End XCBuildConfiguration section */

/* Begin XCConfigurationList section */
		1B64C92EAA09471973E62017 /* Build configuration list for PBXNativeTarget "BasicExampleUITests" */ = {
			isa = XCConfigurationList;
			buildConfigurations = (
				DCB06804434DCAF542533DC8 /* Debug */,
				8C3DEC64044605BBA9E4D62A /* Release */,
			);
			defaultConfigurationIsVisible = 0;
			defaultConfigurationName = Release;
		};
		B2BECCA738E6D72F18A06DBC /* Build configuration list for PBXProject "BasicExampleApp" */ = {
			isa = XCConfigurationList;
			buildConfigurations = (
				63104D5389387D088045B8C1 /* Debug */,
				7EC0CA3FC155563C2C16388E /* Release */,
			);
			defaultConfigurationIsVisible = 0;
			defaultConfigurationName = Release;
		};
		D6D648AA3C6F950D871713EC /* Build configuration list for PBXNativeTarget "BasicExampleApp" */ = {
			isa = XCConfigurationList;
			buildConfigurations = (
				CDDAA2582F98B39C310E7885 /* Debug */,
				CB9AC174759A63856E9A6D87 /* Release */,
			);
			defaultConfigurationIsVisible = 0;
			defaultConfigurationName = Release;
		};
/* End XCConfigurationList section */

/* Begin XCSwiftPackageProductDependency section */
		0E4207EAC4C668B610637734 /* Candle */ = {
			isa = XCSwiftPackageProductDependency;
			productName = Candle;
		};
/* End XCSwiftPackageProductDependency section */
	};
	rootObject = 570156FC68C14D9A9CD8A4B8 /* Project object */;
}
